// !$*UTF8*$!
{
	archiveVersion = 1;
	classes = {
	};
	objectVersion = 46;
	objects = {

/* Begin PBXBuildFile section */
		4C2E484A14C23D2900E778BF /* Foundation.framework in Frameworks */ = {isa = PBXBuildFile; fileRef = 4C2E484914C23D2900E778BF /* Foundation.framework */; };
		4C2E484D14C23D2900E778BF /* main.m in Sources */ = {isa = PBXBuildFile; fileRef = 4C2E484C14C23D2900E778BF /* main.m */; };
		4C2E485114C23D2900E778BF /* tCal.1 in CopyFiles */ = {isa = PBXBuildFile; fileRef = 4C2E485014C23D2900E778BF /* tCal.1 */; };
		4C2E486014C23E5700E778BF /* CalendarStore.framework in Frameworks */ = {isa = PBXBuildFile; fileRef = 4C2E485F14C23E5700E778BF /* CalendarStore.framework */; };
		4C2E486514C23F1700E778BF /* CMCalendar.m in Sources */ = {isa = PBXBuildFile; fileRef = 4C2E486414C23F1700E778BF /* CMCalendar.m */; };
		4C8E984614C24AD800E62CE0 /* CMDateFormatterFactory.m in Sources */ = {isa = PBXBuildFile; fileRef = 4C8E984514C24AD800E62CE0 /* CMDateFormatterFactory.m */; };
		4C8E984B14C24E3200E62CE0 /* CMArgumentParser.m in Sources */ = {isa = PBXBuildFile; fileRef = 4C8E984A14C24E3200E62CE0 /* CMArgumentParser.m */; };
		4C8E984F14C2528900E62CE0 /* CMEvent.m in Sources */ = {isa = PBXBuildFile; fileRef = 4C8E984E14C2528900E62CE0 /* CMEvent.m */; };
		4CD3FA6E14C26475000A4088 /* CMLog.m in Sources */ = {isa = PBXBuildFile; fileRef = 4CD3FA6D14C26475000A4088 /* CMLog.m */; };
/* End PBXBuildFile section */

/* Begin PBXCopyFilesBuildPhase section */
		4C2E484314C23D2900E778BF /* CopyFiles */ = {
			isa = PBXCopyFilesBuildPhase;
			buildActionMask = 2147483647;
			dstPath = /usr/share/man/man1/;
			dstSubfolderSpec = 0;
			files = (
				4C2E485114C23D2900E778BF /* tCal.1 in CopyFiles */,
			);
			runOnlyForDeploymentPostprocessing = 1;
		};
/* End PBXCopyFilesBuildPhase section */

/* Begin PBXFileReference section */
		4C2E484514C23D2900E778BF /* tCal */ = {isa = PBXFileReference; explicitFileType = "compiled.mach-o.executable"; includeInIndex = 0; path = tCal; sourceTree = BUILT_PRODUCTS_DIR; };
		4C2E484914C23D2900E778BF /* Foundation.framework */ = {isa = PBXFileReference; lastKnownFileType = wrapper.framework; name = Foundation.framework; path = System/Library/Frameworks/Foundation.framework; sourceTree = SDKROOT; };
		4C2E484C14C23D2900E778BF /* main.m */ = {isa = PBXFileReference; lastKnownFileType = sourcecode.c.objc; path = main.m; sourceTree = "<group>"; };
		4C2E484F14C23D2900E778BF /* tCal-Prefix.pch */ = {isa = PBXFileReference; lastKnownFileType = sourcecode.c.h; path = "tCal-Prefix.pch"; sourceTree = "<group>"; };
		4C2E485014C23D2900E778BF /* tCal.1 */ = {isa = PBXFileReference; lastKnownFileType = text.man; path = tCal.1; sourceTree = "<group>"; };
		4C2E485F14C23E5700E778BF /* CalendarStore.framework */ = {isa = PBXFileReference; lastKnownFileType = wrapper.framework; name = CalendarStore.framework; path = System/Library/Frameworks/CalendarStore.framework; sourceTree = SDKROOT; };
		4C2E486314C23F1700E778BF /* CMCalendar.h */ = {isa = PBXFileReference; fileEncoding = 4; lastKnownFileType = sourcecode.c.h; path = CMCalendar.h; sourceTree = "<group>"; };
		4C2E486414C23F1700E778BF /* CMCalendar.m */ = {isa = PBXFileReference; fileEncoding = 4; lastKnownFileType = sourcecode.c.objc; path = CMCalendar.m; sourceTree = "<group>"; };
		4C8E984414C24AD800E62CE0 /* CMDateFormatterFactory.h */ = {isa = PBXFileReference; fileEncoding = 4; lastKnownFileType = sourcecode.c.h; path = CMDateFormatterFactory.h; sourceTree = "<group>"; };
		4C8E984514C24AD800E62CE0 /* CMDateFormatterFactory.m */ = {isa = PBXFileReference; fileEncoding = 4; lastKnownFileType = sourcecode.c.objc; path = CMDateFormatterFactory.m; sourceTree = "<group>"; };
		4C8E984814C24C2B00E62CE0 /* Enums.h */ = {isa = PBXFileReference; fileEncoding = 4; lastKnownFileType = sourcecode.c.h; path = Enums.h; sourceTree = "<group>"; };
		4C8E984914C24E3200E62CE0 /* CMArgumentParser.h */ = {isa = PBXFileReference; fileEncoding = 4; lastKnownFileType = sourcecode.c.h; path = CMArgumentParser.h; sourceTree = "<group>"; };
		4C8E984A14C24E3200E62CE0 /* CMArgumentParser.m */ = {isa = PBXFileReference; fileEncoding = 4; lastKnownFileType = sourcecode.c.objc; path = CMArgumentParser.m; sourceTree = "<group>"; };
		4C8E984D14C2528900E62CE0 /* CMEvent.h */ = {isa = PBXFileReference; fileEncoding = 4; lastKnownFileType = sourcecode.c.h; path = CMEvent.h; sourceTree = "<group>"; };
		4C8E984E14C2528900E62CE0 /* CMEvent.m */ = {isa = PBXFileReference; fileEncoding = 4; lastKnownFileType = sourcecode.c.objc; path = CMEvent.m; sourceTree = "<group>"; };
		4C8E985014C25C5A00E62CE0 /* ITerminalOutput.h */ = {isa = PBXFileReference; fileEncoding = 4; lastKnownFileType = sourcecode.c.h; path = ITerminalOutput.h; sourceTree = "<group>"; };
		4CD3FA6C14C26475000A4088 /* CMLog.h */ = {isa = PBXFileReference; fileEncoding = 4; lastKnownFileType = sourcecode.c.h; path = CMLog.h; sourceTree = "<group>"; };
		4CD3FA6D14C26475000A4088 /* CMLog.m */ = {isa = PBXFileReference; fileEncoding = 4; lastKnownFileType = sourcecode.c.objc; path = CMLog.m; sourceTree = "<group>"; };
/* End PBXFileReference section */

/* Begin PBXFrameworksBuildPhase section */
		4C2E484214C23D2900E778BF /* Frameworks */ = {
			isa = PBXFrameworksBuildPhase;
			buildActionMask = 2147483647;
			files = (
				4C2E486014C23E5700E778BF /* CalendarStore.framework in Frameworks */,
				4C2E484A14C23D2900E778BF /* Foundation.framework in Frameworks */,
			);
			runOnlyForDeploymentPostprocessing = 0;
		};
/* End PBXFrameworksBuildPhase section */

/* Begin PBXGroup section */
		4C2E483A14C23D2800E778BF = {
			isa = PBXGroup;
			children = (
				4C2E484B14C23D2900E778BF /* tCal */,
				4C2E484814C23D2900E778BF /* Frameworks */,
				4C2E484614C23D2900E778BF /* Products */,
			);
			sourceTree = "<group>";
		};
		4C2E484614C23D2900E778BF /* Products */ = {
			isa = PBXGroup;
			children = (
				4C2E484514C23D2900E778BF /* tCal */,
			);
			name = Products;
			sourceTree = "<group>";
		};
		4C2E484814C23D2900E778BF /* Frameworks */ = {
			isa = PBXGroup;
			children = (
				4C2E485F14C23E5700E778BF /* CalendarStore.framework */,
				4C2E484914C23D2900E778BF /* Foundation.framework */,
			);
			name = Frameworks;
			sourceTree = "<group>";
		};
		4C2E484B14C23D2900E778BF /* tCal */ = {
			isa = PBXGroup;
			children = (
				4C8E984C14C2527600E62CE0 /* Parameters */,
				4C8E984714C24C0F00E62CE0 /* Enums */,
				4C8E984314C24ABE00E62CE0 /* Factory */,
				4C2E486214C23EF500E778BF /* Wrappers */,
				4C2E484C14C23D2900E778BF /* main.m */,
				4C2E485014C23D2900E778BF /* tCal.1 */,
				4C2E484E14C23D2900E778BF /* Supporting Files */,
			);
			path = tCal;
			sourceTree = "<group>";
		};
		4C2E484E14C23D2900E778BF /* Supporting Files */ = {
			isa = PBXGroup;
			children = (
				4C2E484F14C23D2900E778BF /* tCal-Prefix.pch */,
			);
			name = "Supporting Files";
			sourceTree = "<group>";
		};
		4C2E486214C23EF500E778BF /* Wrappers */ = {
			isa = PBXGroup;
			children = (
				4CD3FA6C14C26475000A4088 /* CMLog.h */,
				4CD3FA6D14C26475000A4088 /* CMLog.m */,
				4C2E486314C23F1700E778BF /* CMCalendar.h */,
				4C2E486414C23F1700E778BF /* CMCalendar.m */,
				4C8E984914C24E3200E62CE0 /* CMArgumentParser.h */,
				4C8E984A14C24E3200E62CE0 /* CMArgumentParser.m */,
			);
			name = Wrappers;
			sourceTree = "<group>";
		};
		4C8E984314C24ABE00E62CE0 /* Factory */ = {
			isa = PBXGroup;
			children = (
				4C8E984414C24AD800E62CE0 /* CMDateFormatterFactory.h */,
				4C8E984514C24AD800E62CE0 /* CMDateFormatterFactory.m */,
			);
			name = Factory;
			sourceTree = "<group>";
		};
		4C8E984714C24C0F00E62CE0 /* Enums */ = {
			isa = PBXGroup;
			children = (
				4C8E984814C24C2B00E62CE0 /* Enums.h */,
			);
			name = Enums;
			sourceTree = "<group>";
		};
		4C8E984C14C2527600E62CE0 /* Parameters */ = {
			isa = PBXGroup;
			children = (
				4C8E984D14C2528900E62CE0 /* CMEvent.h */,
				4C8E984E14C2528900E62CE0 /* CMEvent.m */,
				4C8E985014C25C5A00E62CE0 /* ITerminalOutput.h */,
			);
			name = Parameters;
			sourceTree = "<group>";
		};
/* End PBXGroup section */

/* Begin PBXNativeTarget section */
		4C2E484414C23D2900E778BF /* tCal */ = {
			isa = PBXNativeTarget;
			buildConfigurationList = 4C2E485414C23D2900E778BF /* Build configuration list for PBXNativeTarget "tCal" */;
			buildPhases = (
				4C2E484114C23D2900E778BF /* Sources */,
				4C2E484214C23D2900E778BF /* Frameworks */,
				4C2E484314C23D2900E778BF /* CopyFiles */,
			);
			buildRules = (
			);
			dependencies = (
			);
			name = tCal;
			productName = tCal;
			productReference = 4C2E484514C23D2900E778BF /* tCal */;
			productType = "com.apple.product-type.tool";
		};
/* End PBXNativeTarget section */

/* Begin PBXProject section */
		4C2E483C14C23D2800E778BF /* Project object */ = {
			isa = PBXProject;
			attributes = {
				LastUpgradeCheck = 0430;
			};
			buildConfigurationList = 4C2E483F14C23D2800E778BF /* Build configuration list for PBXProject "tCal" */;
			compatibilityVersion = "Xcode 3.2";
			developmentRegion = English;
			hasScannedForEncodings = 0;
			knownRegions = (
				en,
			);
			mainGroup = 4C2E483A14C23D2800E778BF;
			productRefGroup = 4C2E484614C23D2900E778BF /* Products */;
			projectDirPath = "";
			projectRoot = "";
			targets = (
				4C2E484414C23D2900E778BF /* tCal */,
			);
		};
/* End PBXProject section */

/* Begin PBXSourcesBuildPhase section */
		4C2E484114C23D2900E778BF /* Sources */ = {
			isa = PBXSourcesBuildPhase;
			buildActionMask = 2147483647;
			files = (
				4C2E484D14C23D2900E778BF /* main.m in Sources */,
				4C2E486514C23F1700E778BF /* CMCalendar.m in Sources */,
				4C8E984614C24AD800E62CE0 /* CMDateFormatterFactory.m in Sources */,
				4C8E984B14C24E3200E62CE0 /* CMArgumentParser.m in Sources */,
				4C8E984F14C2528900E62CE0 /* CMEvent.m in Sources */,
				4CD3FA6E14C26475000A4088 /* CMLog.m in Sources */,
			);
			runOnlyForDeploymentPostprocessing = 0;
		};
/* End PBXSourcesBuildPhase section */

/* Begin XCBuildConfiguration section */
		4C2E485214C23D2900E778BF /* Debug */ = {
			isa = XCBuildConfiguration;
			buildSettings = {
				ALWAYS_SEARCH_USER_PATHS = NO;
				ARCHS = "$(ARCHS_STANDARD_64_BIT)";
				CLANG_ENABLE_OBJC_ARC = YES;
				COPY_PHASE_STRIP = NO;
				GCC_C_LANGUAGE_STANDARD = gnu99;
				GCC_DYNAMIC_NO_PIC = NO;
				GCC_ENABLE_OBJC_EXCEPTIONS = YES;
				GCC_OPTIMIZATION_LEVEL = 0;
				GCC_PREPROCESSOR_DEFINITIONS = (
					"DEBUG=1",
					"$(inherited)",
				);
				GCC_SYMBOLS_PRIVATE_EXTERN = NO;
				GCC_VERSION = com.apple.compilers.llvm.clang.1_0;
				GCC_WARN_64_TO_32_BIT_CONVERSION = YES;
				GCC_WARN_ABOUT_RETURN_TYPE = YES;
				GCC_WARN_UNINITIALIZED_AUTOS = YES;
				GCC_WARN_UNUSED_VARIABLE = YES;
				MACOSX_DEPLOYMENT_TARGET = 10.7;
				ONLY_ACTIVE_ARCH = YES;
				SDKROOT = macosx;
			};
			name = Debug;
		};
		4C2E485314C23D2900E778BF /* Release */ = {
			isa = XCBuildConfiguration;
			buildSettings = {
				ALWAYS_SEARCH_USER_PATHS = NO;
				ARCHS = "$(ARCHS_STANDARD_64_BIT)";
				CLANG_ENABLE_OBJC_ARC = YES;
				COPY_PHASE_STRIP = YES;
				DEBUG_INFORMATION_FORMAT = "dwarf-with-dsym";
				GCC_C_LANGUAGE_STANDARD = gnu99;
				GCC_ENABLE_OBJC_EXCEPTIONS = YES;
				GCC_VERSION = com.apple.compilers.llvm.clang.1_0;
				GCC_WARN_64_TO_32_BIT_CONVERSION = YES;
				GCC_WARN_ABOUT_RETURN_TYPE = YES;
				GCC_WARN_UNINITIALIZED_AUTOS = YES;
				GCC_WARN_UNUSED_VARIABLE = YES;
				MACOSX_DEPLOYMENT_TARGET = 10.7;
				SDKROOT = macosx;
			};
			name = Release;
		};
		4C2E485514C23D2900E778BF /* Debug */ = {
			isa = XCBuildConfiguration;
			buildSettings = {
				GCC_PRECOMPILE_PREFIX_HEADER = YES;
				GCC_PREFIX_HEADER = "tCal/tCal-Prefix.pch";
				PRODUCT_NAME = "$(TARGET_NAME)";
			};
			name = Debug;
		};
		4C2E485614C23D2900E778BF /* Release */ = {
			isa = XCBuildConfiguration;
			buildSettings = {
				GCC_PRECOMPILE_PREFIX_HEADER = YES;
				GCC_PREFIX_HEADER = "tCal/tCal-Prefix.pch";
				PRODUCT_NAME = "$(TARGET_NAME)";
			};
			name = Release;
		};
/* End XCBuildConfiguration section */

/* Begin XCConfigurationList section */
		4C2E483F14C23D2800E778BF /* Build configuration list for PBXProject "tCal" */ = {
			isa = XCConfigurationList;
			buildConfigurations = (
				4C2E485214C23D2900E778BF /* Debug */,
				4C2E485314C23D2900E778BF /* Release */,
			);
			defaultConfigurationIsVisible = 0;
			defaultConfigurationName = Release;
		};
		4C2E485414C23D2900E778BF /* Build configuration list for PBXNativeTarget "tCal" */ = {
			isa = XCConfigurationList;
			buildConfigurations = (
				4C2E485514C23D2900E778BF /* Debug */,
				4C2E485614C23D2900E778BF /* Release */,
			);
			defaultConfigurationIsVisible = 0;
			defaultConfigurationName = Release;
		};
/* End XCConfigurationList section */
	};
	rootObject = 4C2E483C14C23D2800E778BF /* Project object */;
}
